// !$*UTF8*$!
{
	archiveVersion = 1;
	classes = {
	};
	objectVersion = 70;
	objects = {

/* Begin PBXBuildFile section */
		080EDEFB21B6DA7E00813479 /* EssentialFeed.framework in Frameworks */ = {isa = PBXBuildFile; fileRef = 080EDEF121B6DA7E00813479 /* EssentialFeed.framework */; };
		080EDF0C21B6DAE800813479 /* FeedImage.swift in Sources */ = {isa = PBXBuildFile; fileRef = 080EDF0B21B6DAE800813479 /* FeedImage.swift */; };
		080EDF0E21B6DCB600813479 /* FeedLoader.swift in Sources */ = {isa = PBXBuildFile; fileRef = 080EDF0D21B6DCB600813479 /* FeedLoader.swift */; };
		60202ECD2D12D28C003F0306 /* EssentialFeediOS.framework in Frameworks */ = {isa = PBXBuildFile; fileRef = 60202EC32D12D28C003F0306 /* EssentialFeediOS.framework */; };
		60202EF32D12E460003F0306 /* EssentialFeed.framework in Frameworks */ = {isa = PBXBuildFile; fileRef = 080EDEF121B6DA7E00813479 /* EssentialFeed.framework */; platformFilter = ios; };
		60202EF42D12E460003F0306 /* EssentialFeed.framework in Embed Frameworks */ = {isa = PBXBuildFile; fileRef = 080EDEF121B6DA7E00813479 /* EssentialFeed.framework */; platformFilter = ios; settings = {ATTRIBUTES = (CodeSignOnCopy, RemoveHeadersOnCopy, ); }; };
		60202EF82D12E593003F0306 /* XCTestCase+MemoryLeakTracking.swift in Sources */ = {isa = PBXBuildFile; fileRef = 60D364BE2D06029C00D823BF /* XCTestCase+MemoryLeakTracking.swift */; };
		6042DBA52D21C16300173627 /* LoadFeedImageDataFromRemoteUseCaseTests.swift in Sources */ = {isa = PBXBuildFile; fileRef = 6042DBA42D21C15900173627 /* LoadFeedImageDataFromRemoteUseCaseTests.swift */; };
		6042DBA72D22D80000173627 /* FeedImageDataLoader.swift in Sources */ = {isa = PBXBuildFile; fileRef = 6042DBA62D22D80000173627 /* FeedImageDataLoader.swift */; };
		6093EBF02D2303FF00659951 /* HTTPClientSpy.swift in Sources */ = {isa = PBXBuildFile; fileRef = 6093EBEF2D2303FB00659951 /* HTTPClientSpy.swift */; };
		6093EBF12D2303FF00659951 /* HTTPClientSpy.swift in Sources */ = {isa = PBXBuildFile; fileRef = 6093EBEF2D2303FB00659951 /* HTTPClientSpy.swift */; };
		6093EBF22D2303FF00659951 /* HTTPClientSpy.swift in Sources */ = {isa = PBXBuildFile; fileRef = 6093EBEF2D2303FB00659951 /* HTTPClientSpy.swift */; };
		6093EBF32D2303FF00659951 /* HTTPClientSpy.swift in Sources */ = {isa = PBXBuildFile; fileRef = 6093EBEF2D2303FB00659951 /* HTTPClientSpy.swift */; };
		6093EBF52D23047700659951 /* RemoteFeedImageLoader.swift in Sources */ = {isa = PBXBuildFile; fileRef = 6093EBF42D23047100659951 /* RemoteFeedImageLoader.swift */; };
		6093EBF82D23091500659951 /* HTTPURLResponse+StatusCode.swift in Sources */ = {isa = PBXBuildFile; fileRef = 6093EBF72D23091100659951 /* HTTPURLResponse+StatusCode.swift */; };
		6093EBFB2D2309A000659951 /* URLProtocolStub.swift in Sources */ = {isa = PBXBuildFile; fileRef = 6093EBFA2D23099B00659951 /* URLProtocolStub.swift */; };
		6093EBFF2D2407FB00659951 /* FeedImageDataStore.swift in Sources */ = {isa = PBXBuildFile; fileRef = 6093EBFE2D2407F600659951 /* FeedImageDataStore.swift */; };
		6093EC012D24083000659951 /* LocalFeedImageDataLoader.swift in Sources */ = {isa = PBXBuildFile; fileRef = 6093EC002D24082300659951 /* LocalFeedImageDataLoader.swift */; };
		6093EC032D240C7200659951 /* LoadFeedImageDataFromCacheUseCaseTests.swift in Sources */ = {isa = PBXBuildFile; fileRef = 6093EC022D240C7200659951 /* LoadFeedImageDataFromCacheUseCaseTests.swift */; };
		6093EC052D240CB300659951 /* FeedImageDataStoreSpy.swift in Sources */ = {isa = PBXBuildFile; fileRef = 6093EC042D240CAD00659951 /* FeedImageDataStoreSpy.swift */; };
		6093EC062D240CB300659951 /* FeedImageDataStoreSpy.swift in Sources */ = {isa = PBXBuildFile; fileRef = 6093EC042D240CAD00659951 /* FeedImageDataStoreSpy.swift */; };
		60D364652CFE0CF500D823BF /* RemoteFeedLoader.swift in Sources */ = {isa = PBXBuildFile; fileRef = 60D364642CFE0CE500D823BF /* RemoteFeedLoader.swift */; };
		60D364B32D04D77200D823BF /* HTTPClient.swift in Sources */ = {isa = PBXBuildFile; fileRef = 60D364B22D04D76800D823BF /* HTTPClient.swift */; };
		60D364B52D04D7E100D823BF /* FeedItemsMapper.swift in Sources */ = {isa = PBXBuildFile; fileRef = 60D364B42D04D7E100D823BF /* FeedItemsMapper.swift */; };
		60D364BA2D04DF8100D823BF /* LoadFeedFromRemoteUseCaseTests.swift in Sources */ = {isa = PBXBuildFile; fileRef = 60D364B92D04DF8100D823BF /* LoadFeedFromRemoteUseCaseTests.swift */; };
		60D364BC2D04E7D500D823BF /* URLSessionHTTPClientTests.swift in Sources */ = {isa = PBXBuildFile; fileRef = 60D364BB2D04E7CC00D823BF /* URLSessionHTTPClientTests.swift */; };
		60D364BF2D0602AD00D823BF /* XCTestCase+MemoryLeakTracking.swift in Sources */ = {isa = PBXBuildFile; fileRef = 60D364BE2D06029C00D823BF /* XCTestCase+MemoryLeakTracking.swift */; };
		60D364C12D06119200D823BF /* URLSessionHTTPClient.swift in Sources */ = {isa = PBXBuildFile; fileRef = 60D364C02D06118C00D823BF /* URLSessionHTTPClient.swift */; };
		60D364CA2D06203D00D823BF /* EssentialFeed.framework in Frameworks */ = {isa = PBXBuildFile; fileRef = 080EDEF121B6DA7E00813479 /* EssentialFeed.framework */; };
		60D364D02D062A9100D823BF /* XCTestCase+MemoryLeakTracking.swift in Sources */ = {isa = PBXBuildFile; fileRef = 60D364BE2D06029C00D823BF /* XCTestCase+MemoryLeakTracking.swift */; };
		60FB1B432D08C0FE00277A50 /* CacheFeedUseCaseTests.swift in Sources */ = {isa = PBXBuildFile; fileRef = 60FB1B422D08C0F700277A50 /* CacheFeedUseCaseTests.swift */; };
		60FB1B462D08D81100277A50 /* LocalFeedLoader.swift in Sources */ = {isa = PBXBuildFile; fileRef = 60FB1B452D08D81100277A50 /* LocalFeedLoader.swift */; };
		60FB1B482D08D8AB00277A50 /* FeedStore.swift in Sources */ = {isa = PBXBuildFile; fileRef = 60FB1B472D08D8AB00277A50 /* FeedStore.swift */; };
		60FB1B4A2D098C8000277A50 /* RemoteFeedItem.swift in Sources */ = {isa = PBXBuildFile; fileRef = 60FB1B492D098C8000277A50 /* RemoteFeedItem.swift */; };
		60FB1B4C2D098CBE00277A50 /* LocalFeedImage.swift in Sources */ = {isa = PBXBuildFile; fileRef = 60FB1B4B2D098CBE00277A50 /* LocalFeedImage.swift */; };
		60FB1B502D09C08E00277A50 /* LoadFeedFromCacheUseCaseTests.swift in Sources */ = {isa = PBXBuildFile; fileRef = 60FB1B4F2D09C08E00277A50 /* LoadFeedFromCacheUseCaseTests.swift */; };
		60FB1B532D09C18200277A50 /* FeedStoreSpy.swift in Sources */ = {isa = PBXBuildFile; fileRef = 60FB1B522D09C17D00277A50 /* FeedStoreSpy.swift */; };
		60FB1B552D0A0D5700277A50 /* ValidateFeedCacheUseCaseTests.swift in Sources */ = {isa = PBXBuildFile; fileRef = 60FB1B542D0A0D5700277A50 /* ValidateFeedCacheUseCaseTests.swift */; };
		60FB1B572D0A13BE00277A50 /* FeedCacheTestHelpers.swift in Sources */ = {isa = PBXBuildFile; fileRef = 60FB1B562D0A13B700277A50 /* FeedCacheTestHelpers.swift */; };
		60FB1B592D0A14A400277A50 /* SharedTestHelpers.swift in Sources */ = {isa = PBXBuildFile; fileRef = 60FB1B582D0A149E00277A50 /* SharedTestHelpers.swift */; };
		60FB1B5A2D0A14A400277A50 /* SharedTestHelpers.swift in Sources */ = {isa = PBXBuildFile; fileRef = 60FB1B582D0A149E00277A50 /* SharedTestHelpers.swift */; };
		60FB1B5C2D0B66DD00277A50 /* FeedCachePolicy.swift in Sources */ = {isa = PBXBuildFile; fileRef = 60FB1B5B2D0B66DD00277A50 /* FeedCachePolicy.swift */; };
		60FB1B602D0C60C500277A50 /* CodableFeedStoreTests.swift in Sources */ = {isa = PBXBuildFile; fileRef = 60FB1B5F2D0C60C000277A50 /* CodableFeedStoreTests.swift */; };
		60FB1B622D0D6FDE00277A50 /* CodableFeedStore.swift in Sources */ = {isa = PBXBuildFile; fileRef = 60FB1B612D0D6FD900277A50 /* CodableFeedStore.swift */; };
		60FB1B642D0D98CC00277A50 /* FeedStoreSpecs.swift in Sources */ = {isa = PBXBuildFile; fileRef = 60FB1B632D0D98CC00277A50 /* FeedStoreSpecs.swift */; };
		60FB1B662D0D996A00277A50 /* XCTestCase+FeedStoreSpecs.swift in Sources */ = {isa = PBXBuildFile; fileRef = 60FB1B652D0D996A00277A50 /* XCTestCase+FeedStoreSpecs.swift */; };
		60FB1B6A2D0DA58000277A50 /* XCTestCase+FailableRetrieveFeedStoreSpecs.swift in Sources */ = {isa = PBXBuildFile; fileRef = 60FB1B692D0DA56500277A50 /* XCTestCase+FailableRetrieveFeedStoreSpecs.swift */; };
		60FB1B6C2D0DA62100277A50 /* XCTestCase+FailableInsertFeedStoreSpecs.swift in Sources */ = {isa = PBXBuildFile; fileRef = 60FB1B6B2D0DA62100277A50 /* XCTestCase+FailableInsertFeedStoreSpecs.swift */; };
		60FB1B6E2D0DA6E100277A50 /* XCTestCase+FailableDeleteFeedStoreSpecs.swift in Sources */ = {isa = PBXBuildFile; fileRef = 60FB1B6D2D0DA6D500277A50 /* XCTestCase+FailableDeleteFeedStoreSpecs.swift */; };
		60FB1B702D0DB1EE00277A50 /* CoreDataFeedStoreTests.swift in Sources */ = {isa = PBXBuildFile; fileRef = 60FB1B6F2D0DB1EE00277A50 /* CoreDataFeedStoreTests.swift */; };
		60FB1B752D0DF80700277A50 /* FeedStore.xcdatamodeld in Sources */ = {isa = PBXBuildFile; fileRef = 60FB1B732D0DF80700277A50 /* FeedStore.xcdatamodeld */; };
		60FB1B772D0DF95B00277A50 /* CoreDataFeedStore.swift in Sources */ = {isa = PBXBuildFile; fileRef = 60FB1B762D0DF95600277A50 /* CoreDataFeedStore.swift */; };
		60FB1B7B2D0E09F100277A50 /* CoreDataHelpers.swift in Sources */ = {isa = PBXBuildFile; fileRef = 60FB1B7A2D0E09EC00277A50 /* CoreDataHelpers.swift */; };
		60FB1B7D2D0E0A5500277A50 /* ManagedCache.swift in Sources */ = {isa = PBXBuildFile; fileRef = 60FB1B7C2D0E0A5200277A50 /* ManagedCache.swift */; };
		60FB1B862D0F4CED00277A50 /* EssentialFeed.framework in Frameworks */ = {isa = PBXBuildFile; fileRef = 080EDEF121B6DA7E00813479 /* EssentialFeed.framework */; };
		60FB1B8C2D0F4FA300277A50 /* XCTestCase+MemoryLeakTracking.swift in Sources */ = {isa = PBXBuildFile; fileRef = 60D364BE2D06029C00D823BF /* XCTestCase+MemoryLeakTracking.swift */; };
		60FB1B8D2D0F585B00277A50 /* FeedCacheTestHelpers.swift in Sources */ = {isa = PBXBuildFile; fileRef = 60FB1B562D0A13B700277A50 /* FeedCacheTestHelpers.swift */; };
		60FB1B8E2D0F587700277A50 /* SharedTestHelpers.swift in Sources */ = {isa = PBXBuildFile; fileRef = 60FB1B582D0A149E00277A50 /* SharedTestHelpers.swift */; };
/* End PBXBuildFile section */

/* Begin PBXContainerItemProxy section */
		080EDEFC21B6DA7E00813479 /* PBXContainerItemProxy */ = {
			isa = PBXContainerItemProxy;
			containerPortal = 080EDEE821B6DA7E00813479 /* Project object */;
			proxyType = 1;
			remoteGlobalIDString = 080EDEF021B6DA7E00813479;
			remoteInfo = EssentialFeed;
		};
		60202ECE2D12D28C003F0306 /* PBXContainerItemProxy */ = {
			isa = PBXContainerItemProxy;
			containerPortal = 080EDEE821B6DA7E00813479 /* Project object */;
			proxyType = 1;
			remoteGlobalIDString = 60202EC22D12D28C003F0306;
			remoteInfo = EssentialFeediOS;
		};
		60202EF52D12E460003F0306 /* PBXContainerItemProxy */ = {
			isa = PBXContainerItemProxy;
			containerPortal = 080EDEE821B6DA7E00813479 /* Project object */;
			proxyType = 1;
			remoteGlobalIDString = 080EDEF021B6DA7E00813479;
			remoteInfo = EssentialFeed;
		};
		60D364CB2D06203D00D823BF /* PBXContainerItemProxy */ = {
			isa = PBXContainerItemProxy;
			containerPortal = 080EDEE821B6DA7E00813479 /* Project object */;
			proxyType = 1;
			remoteGlobalIDString = 080EDEF021B6DA7E00813479;
			remoteInfo = EssentialFeed;
		};
		60FB1B872D0F4CED00277A50 /* PBXContainerItemProxy */ = {
			isa = PBXContainerItemProxy;
			containerPortal = 080EDEE821B6DA7E00813479 /* Project object */;
			proxyType = 1;
			remoteGlobalIDString = 080EDEF021B6DA7E00813479;
			remoteInfo = EssentialFeed;
		};
/* End PBXContainerItemProxy section */

/* Begin PBXCopyFilesBuildPhase section */
		60202EF72D12E460003F0306 /* Embed Frameworks */ = {
			isa = PBXCopyFilesBuildPhase;
			buildActionMask = 2147483647;
			dstPath = "";
			dstSubfolderSpec = 10;
			files = (
				60202EF42D12E460003F0306 /* EssentialFeed.framework in Embed Frameworks */,
			);
			name = "Embed Frameworks";
			runOnlyForDeploymentPostprocessing = 0;
		};
/* End PBXCopyFilesBuildPhase section */

/* Begin PBXFileReference section */
		080EDEF121B6DA7E00813479 /* EssentialFeed.framework */ = {isa = PBXFileReference; explicitFileType = wrapper.framework; includeInIndex = 0; path = EssentialFeed.framework; sourceTree = BUILT_PRODUCTS_DIR; };
		080EDEF521B6DA7E00813479 /* Info.plist */ = {isa = PBXFileReference; lastKnownFileType = text.plist.xml; path = Info.plist; sourceTree = "<group>"; };
		080EDEFA21B6DA7E00813479 /* EssentialFeedTests.xctest */ = {isa = PBXFileReference; explicitFileType = wrapper.cfbundle; includeInIndex = 0; path = EssentialFeedTests.xctest; sourceTree = BUILT_PRODUCTS_DIR; };
		080EDF0121B6DA7E00813479 /* Info.plist */ = {isa = PBXFileReference; lastKnownFileType = text.plist.xml; path = Info.plist; sourceTree = "<group>"; };
		080EDF0B21B6DAE800813479 /* FeedImage.swift */ = {isa = PBXFileReference; lastKnownFileType = sourcecode.swift; path = FeedImage.swift; sourceTree = "<group>"; };
		080EDF0D21B6DCB600813479 /* FeedLoader.swift */ = {isa = PBXFileReference; lastKnownFileType = sourcecode.swift; path = FeedLoader.swift; sourceTree = "<group>"; };
		60202EC32D12D28C003F0306 /* EssentialFeediOS.framework */ = {isa = PBXFileReference; explicitFileType = wrapper.framework; includeInIndex = 0; path = EssentialFeediOS.framework; sourceTree = BUILT_PRODUCTS_DIR; };
		60202ECC2D12D28C003F0306 /* EssentialFeediOSTests.xctest */ = {isa = PBXFileReference; explicitFileType = wrapper.cfbundle; includeInIndex = 0; path = EssentialFeediOSTests.xctest; sourceTree = BUILT_PRODUCTS_DIR; };
		6042DBA42D21C15900173627 /* LoadFeedImageDataFromRemoteUseCaseTests.swift */ = {isa = PBXFileReference; lastKnownFileType = sourcecode.swift; path = LoadFeedImageDataFromRemoteUseCaseTests.swift; sourceTree = "<group>"; };
		6042DBA62D22D80000173627 /* FeedImageDataLoader.swift */ = {isa = PBXFileReference; lastKnownFileType = sourcecode.swift; path = FeedImageDataLoader.swift; sourceTree = "<group>"; };
		6093EBEF2D2303FB00659951 /* HTTPClientSpy.swift */ = {isa = PBXFileReference; lastKnownFileType = sourcecode.swift; path = HTTPClientSpy.swift; sourceTree = "<group>"; };
		6093EBF42D23047100659951 /* RemoteFeedImageLoader.swift */ = {isa = PBXFileReference; lastKnownFileType = sourcecode.swift; path = RemoteFeedImageLoader.swift; sourceTree = "<group>"; };
		6093EBF72D23091100659951 /* HTTPURLResponse+StatusCode.swift */ = {isa = PBXFileReference; lastKnownFileType = sourcecode.swift; path = "HTTPURLResponse+StatusCode.swift"; sourceTree = "<group>"; };
		6093EBFA2D23099B00659951 /* URLProtocolStub.swift */ = {isa = PBXFileReference; lastKnownFileType = sourcecode.swift; path = URLProtocolStub.swift; sourceTree = "<group>"; };
		6093EBFE2D2407F600659951 /* FeedImageDataStore.swift */ = {isa = PBXFileReference; lastKnownFileType = sourcecode.swift; path = FeedImageDataStore.swift; sourceTree = "<group>"; };
		6093EC002D24082300659951 /* LocalFeedImageDataLoader.swift */ = {isa = PBXFileReference; lastKnownFileType = sourcecode.swift; path = LocalFeedImageDataLoader.swift; sourceTree = "<group>"; };
		6093EC022D240C7200659951 /* LoadFeedImageDataFromCacheUseCaseTests.swift */ = {isa = PBXFileReference; lastKnownFileType = sourcecode.swift; path = LoadFeedImageDataFromCacheUseCaseTests.swift; sourceTree = "<group>"; };
		6093EC042D240CAD00659951 /* FeedImageDataStoreSpy.swift */ = {isa = PBXFileReference; lastKnownFileType = sourcecode.swift; path = FeedImageDataStoreSpy.swift; sourceTree = "<group>"; };
		60D364642CFE0CE500D823BF /* RemoteFeedLoader.swift */ = {isa = PBXFileReference; lastKnownFileType = sourcecode.swift; path = RemoteFeedLoader.swift; sourceTree = "<group>"; };
		60D364B22D04D76800D823BF /* HTTPClient.swift */ = {isa = PBXFileReference; lastKnownFileType = sourcecode.swift; path = HTTPClient.swift; sourceTree = "<group>"; };
		60D364B42D04D7E100D823BF /* FeedItemsMapper.swift */ = {isa = PBXFileReference; lastKnownFileType = sourcecode.swift; path = FeedItemsMapper.swift; sourceTree = "<group>"; };
		60D364B92D04DF8100D823BF /* LoadFeedFromRemoteUseCaseTests.swift */ = {isa = PBXFileReference; lastKnownFileType = sourcecode.swift; path = LoadFeedFromRemoteUseCaseTests.swift; sourceTree = "<group>"; };
		60D364BB2D04E7CC00D823BF /* URLSessionHTTPClientTests.swift */ = {isa = PBXFileReference; lastKnownFileType = sourcecode.swift; path = URLSessionHTTPClientTests.swift; sourceTree = "<group>"; };
		60D364BE2D06029C00D823BF /* XCTestCase+MemoryLeakTracking.swift */ = {isa = PBXFileReference; lastKnownFileType = sourcecode.swift; path = "XCTestCase+MemoryLeakTracking.swift"; sourceTree = "<group>"; };
		60D364C02D06118C00D823BF /* URLSessionHTTPClient.swift */ = {isa = PBXFileReference; lastKnownFileType = sourcecode.swift; path = URLSessionHTTPClient.swift; sourceTree = "<group>"; };
		60D364C62D06203D00D823BF /* EssentialFeedAPIEndToEndTests.xctest */ = {isa = PBXFileReference; explicitFileType = wrapper.cfbundle; includeInIndex = 0; path = EssentialFeedAPIEndToEndTests.xctest; sourceTree = BUILT_PRODUCTS_DIR; };
		60D364D12D062B8F00D823BF /* EssentialFeedTests */ = {isa = PBXFileReference; lastKnownFileType = folder; path = EssentialFeedTests; sourceTree = "<group>"; };
		60D364D22D062B9900D823BF /* EssentialFeedAPIEndToEndTests */ = {isa = PBXFileReference; lastKnownFileType = folder; path = EssentialFeedAPIEndToEndTests; sourceTree = "<group>"; };
		60FB1B422D08C0F700277A50 /* CacheFeedUseCaseTests.swift */ = {isa = PBXFileReference; lastKnownFileType = sourcecode.swift; path = CacheFeedUseCaseTests.swift; sourceTree = "<group>"; };
		60FB1B452D08D81100277A50 /* LocalFeedLoader.swift */ = {isa = PBXFileReference; lastKnownFileType = sourcecode.swift; path = LocalFeedLoader.swift; sourceTree = "<group>"; };
		60FB1B472D08D8AB00277A50 /* FeedStore.swift */ = {isa = PBXFileReference; lastKnownFileType = sourcecode.swift; path = FeedStore.swift; sourceTree = "<group>"; };
		60FB1B492D098C8000277A50 /* RemoteFeedItem.swift */ = {isa = PBXFileReference; lastKnownFileType = sourcecode.swift; path = RemoteFeedItem.swift; sourceTree = "<group>"; };
		60FB1B4B2D098CBE00277A50 /* LocalFeedImage.swift */ = {isa = PBXFileReference; lastKnownFileType = sourcecode.swift; path = LocalFeedImage.swift; sourceTree = "<group>"; };
		60FB1B4F2D09C08E00277A50 /* LoadFeedFromCacheUseCaseTests.swift */ = {isa = PBXFileReference; lastKnownFileType = sourcecode.swift; path = LoadFeedFromCacheUseCaseTests.swift; sourceTree = "<group>"; };
		60FB1B522D09C17D00277A50 /* FeedStoreSpy.swift */ = {isa = PBXFileReference; lastKnownFileType = sourcecode.swift; path = FeedStoreSpy.swift; sourceTree = "<group>"; };
		60FB1B542D0A0D5700277A50 /* ValidateFeedCacheUseCaseTests.swift */ = {isa = PBXFileReference; lastKnownFileType = sourcecode.swift; path = ValidateFeedCacheUseCaseTests.swift; sourceTree = "<group>"; };
		60FB1B562D0A13B700277A50 /* FeedCacheTestHelpers.swift */ = {isa = PBXFileReference; lastKnownFileType = sourcecode.swift; path = FeedCacheTestHelpers.swift; sourceTree = "<group>"; };
		60FB1B582D0A149E00277A50 /* SharedTestHelpers.swift */ = {isa = PBXFileReference; lastKnownFileType = sourcecode.swift; path = SharedTestHelpers.swift; sourceTree = "<group>"; };
		60FB1B5B2D0B66DD00277A50 /* FeedCachePolicy.swift */ = {isa = PBXFileReference; lastKnownFileType = sourcecode.swift; path = FeedCachePolicy.swift; sourceTree = "<group>"; };
		60FB1B5F2D0C60C000277A50 /* CodableFeedStoreTests.swift */ = {isa = PBXFileReference; lastKnownFileType = sourcecode.swift; path = CodableFeedStoreTests.swift; sourceTree = "<group>"; };
		60FB1B612D0D6FD900277A50 /* CodableFeedStore.swift */ = {isa = PBXFileReference; lastKnownFileType = sourcecode.swift; path = CodableFeedStore.swift; sourceTree = "<group>"; };
		60FB1B632D0D98CC00277A50 /* FeedStoreSpecs.swift */ = {isa = PBXFileReference; lastKnownFileType = sourcecode.swift; path = FeedStoreSpecs.swift; sourceTree = "<group>"; };
		60FB1B652D0D996A00277A50 /* XCTestCase+FeedStoreSpecs.swift */ = {isa = PBXFileReference; lastKnownFileType = sourcecode.swift; path = "XCTestCase+FeedStoreSpecs.swift"; sourceTree = "<group>"; };
		60FB1B692D0DA56500277A50 /* XCTestCase+FailableRetrieveFeedStoreSpecs.swift */ = {isa = PBXFileReference; lastKnownFileType = sourcecode.swift; path = "XCTestCase+FailableRetrieveFeedStoreSpecs.swift"; sourceTree = "<group>"; };
		60FB1B6B2D0DA62100277A50 /* XCTestCase+FailableInsertFeedStoreSpecs.swift */ = {isa = PBXFileReference; lastKnownFileType = sourcecode.swift; path = "XCTestCase+FailableInsertFeedStoreSpecs.swift"; sourceTree = "<group>"; };
		60FB1B6D2D0DA6D500277A50 /* XCTestCase+FailableDeleteFeedStoreSpecs.swift */ = {isa = PBXFileReference; lastKnownFileType = sourcecode.swift; path = "XCTestCase+FailableDeleteFeedStoreSpecs.swift"; sourceTree = "<group>"; };
		60FB1B6F2D0DB1EE00277A50 /* CoreDataFeedStoreTests.swift */ = {isa = PBXFileReference; lastKnownFileType = sourcecode.swift; path = CoreDataFeedStoreTests.swift; sourceTree = "<group>"; };
		60FB1B742D0DF80700277A50 /* FeedStore.xcdatamodel */ = {isa = PBXFileReference; lastKnownFileType = wrapper.xcdatamodel; path = FeedStore.xcdatamodel; sourceTree = "<group>"; };
		60FB1B762D0DF95600277A50 /* CoreDataFeedStore.swift */ = {isa = PBXFileReference; lastKnownFileType = sourcecode.swift; path = CoreDataFeedStore.swift; sourceTree = "<group>"; };
		60FB1B7A2D0E09EC00277A50 /* CoreDataHelpers.swift */ = {isa = PBXFileReference; lastKnownFileType = sourcecode.swift; path = CoreDataHelpers.swift; sourceTree = "<group>"; };
		60FB1B7C2D0E0A5200277A50 /* ManagedCache.swift */ = {isa = PBXFileReference; lastKnownFileType = sourcecode.swift; path = ManagedCache.swift; sourceTree = "<group>"; };
		60FB1B822D0F4CED00277A50 /* EssentialFeedCacheIntegrationTests.xctest */ = {isa = PBXFileReference; explicitFileType = wrapper.cfbundle; includeInIndex = 0; path = EssentialFeedCacheIntegrationTests.xctest; sourceTree = BUILT_PRODUCTS_DIR; };
/* End PBXFileReference section */

/* Begin PBXFileSystemSynchronizedRootGroup section */
		60202EC42D12D28C003F0306 /* EssentialFeediOS */ = {isa = PBXFileSystemSynchronizedRootGroup; explicitFileTypes = {}; explicitFolders = (); path = EssentialFeediOS; sourceTree = "<group>"; };
		60202ED02D12D28C003F0306 /* EssentialFeediOSTests */ = {isa = PBXFileSystemSynchronizedRootGroup; explicitFileTypes = {}; explicitFolders = (); path = EssentialFeediOSTests; sourceTree = "<group>"; };
		60D364C72D06203D00D823BF /* EssentialFeedAPIEndToEndTests */ = {isa = PBXFileSystemSynchronizedRootGroup; explicitFileTypes = {}; explicitFolders = (); path = EssentialFeedAPIEndToEndTests; sourceTree = "<group>"; };
		60FB1B832D0F4CED00277A50 /* EssentialFeedCacheIntegrationTests */ = {isa = PBXFileSystemSynchronizedRootGroup; explicitFileTypes = {}; explicitFolders = (); path = EssentialFeedCacheIntegrationTests; sourceTree = "<group>"; };
/* End PBXFileSystemSynchronizedRootGroup section */

/* Begin PBXFrameworksBuildPhase section */
		080EDEEE21B6DA7E00813479 /* Frameworks */ = {
			isa = PBXFrameworksBuildPhase;
			buildActionMask = 2147483647;
			files = (
			);
			runOnlyForDeploymentPostprocessing = 0;
		};
		080EDEF721B6DA7E00813479 /* Frameworks */ = {
			isa = PBXFrameworksBuildPhase;
			buildActionMask = 2147483647;
			files = (
				080EDEFB21B6DA7E00813479 /* EssentialFeed.framework in Frameworks */,
			);
			runOnlyForDeploymentPostprocessing = 0;
		};
		60202EC02D12D28C003F0306 /* Frameworks */ = {
			isa = PBXFrameworksBuildPhase;
			buildActionMask = 2147483647;
			files = (
				60202EF32D12E460003F0306 /* EssentialFeed.framework in Frameworks */,
			);
			runOnlyForDeploymentPostprocessing = 0;
		};
		60202EC92D12D28C003F0306 /* Frameworks */ = {
			isa = PBXFrameworksBuildPhase;
			buildActionMask = 2147483647;
			files = (
				60202ECD2D12D28C003F0306 /* EssentialFeediOS.framework in Frameworks */,
			);
			runOnlyForDeploymentPostprocessing = 0;
		};
		60D364C32D06203D00D823BF /* Frameworks */ = {
			isa = PBXFrameworksBuildPhase;
			buildActionMask = 2147483647;
			files = (
				60D364CA2D06203D00D823BF /* EssentialFeed.framework in Frameworks */,
			);
			runOnlyForDeploymentPostprocessing = 0;
		};
		60FB1B7F2D0F4CED00277A50 /* Frameworks */ = {
			isa = PBXFrameworksBuildPhase;
			buildActionMask = 2147483647;
			files = (
				60FB1B862D0F4CED00277A50 /* EssentialFeed.framework in Frameworks */,
			);
			runOnlyForDeploymentPostprocessing = 0;
		};
/* End PBXFrameworksBuildPhase section */

/* Begin PBXGroup section */
		080EDEE721B6DA7E00813479 = {
			isa = PBXGroup;
			children = (
				60D364D22D062B9900D823BF /* EssentialFeedAPIEndToEndTests */,
				60D364D12D062B8F00D823BF /* EssentialFeedTests */,
				080EDEF321B6DA7E00813479 /* EssentialFeed */,
				080EDEFE21B6DA7E00813479 /* EssentialFeedTests */,
				60D364C72D06203D00D823BF /* EssentialFeedAPIEndToEndTests */,
				60FB1B832D0F4CED00277A50 /* EssentialFeedCacheIntegrationTests */,
				60202EC42D12D28C003F0306 /* EssentialFeediOS */,
				60202ED02D12D28C003F0306 /* EssentialFeediOSTests */,
				60202EF22D12E460003F0306 /* Frameworks */,
				080EDEF221B6DA7E00813479 /* Products */,
			);
			sourceTree = "<group>";
		};
		080EDEF221B6DA7E00813479 /* Products */ = {
			isa = PBXGroup;
			children = (
				080EDEF121B6DA7E00813479 /* EssentialFeed.framework */,
				080EDEFA21B6DA7E00813479 /* EssentialFeedTests.xctest */,
				60D364C62D06203D00D823BF /* EssentialFeedAPIEndToEndTests.xctest */,
				60FB1B822D0F4CED00277A50 /* EssentialFeedCacheIntegrationTests.xctest */,
				60202EC32D12D28C003F0306 /* EssentialFeediOS.framework */,
				60202ECC2D12D28C003F0306 /* EssentialFeediOSTests.xctest */,
			);
			name = Products;
			sourceTree = "<group>";
		};
		080EDEF321B6DA7E00813479 /* EssentialFeed */ = {
			isa = PBXGroup;
			children = (
				60FB1B442D08D80100277A50 /* Feed Cache */,
				080EDEF521B6DA7E00813479 /* Info.plist */,
				080EDF1021B6DFA200813479 /* Feed Feature */,
				60D364632CFE0CD600D823BF /* FeedAPI */,
			);
			path = EssentialFeed;
			sourceTree = "<group>";
		};
		080EDEFE21B6DA7E00813479 /* EssentialFeedTests */ = {
			isa = PBXGroup;
			children = (
				60D364BD2D06028100D823BF /* Helpers */,
				60FB1B412D08C09C00277A50 /* Feed Cache */,
				60D364B62D04DF6E00D823BF /* FeedAPI */,
				080EDF0121B6DA7E00813479 /* Info.plist */,
			);
			path = EssentialFeedTests;
			sourceTree = "<group>";
		};
		080EDF1021B6DFA200813479 /* Feed Feature */ = {
			isa = PBXGroup;
			children = (
				6042DBA62D22D80000173627 /* FeedImageDataLoader.swift */,
				080EDF0B21B6DAE800813479 /* FeedImage.swift */,
				080EDF0D21B6DCB600813479 /* FeedLoader.swift */,
			);
			path = "Feed Feature";
			sourceTree = "<group>";
		};
		60202EF22D12E460003F0306 /* Frameworks */ = {
			isa = PBXGroup;
			children = (
			);
			name = Frameworks;
			sourceTree = "<group>";
		};
		6093EBF62D23090B00659951 /* Helpers */ = {
			isa = PBXGroup;
			children = (
				6093EBF72D23091100659951 /* HTTPURLResponse+StatusCode.swift */,
			);
			path = Helpers;
			sourceTree = "<group>";
		};
		6093EBF92D23099400659951 /* Helpers */ = {
			isa = PBXGroup;
			children = (
				6093EBFA2D23099B00659951 /* URLProtocolStub.swift */,
			);
			path = Helpers;
			sourceTree = "<group>";
		};
		60D364632CFE0CD600D823BF /* FeedAPI */ = {
			isa = PBXGroup;
			children = (
				6093EBF62D23090B00659951 /* Helpers */,
				6093EBF42D23047100659951 /* RemoteFeedImageLoader.swift */,
				60D364C02D06118C00D823BF /* URLSessionHTTPClient.swift */,
				60D364B22D04D76800D823BF /* HTTPClient.swift */,
				60D364B42D04D7E100D823BF /* FeedItemsMapper.swift */,
				60D364642CFE0CE500D823BF /* RemoteFeedLoader.swift */,
				60FB1B492D098C8000277A50 /* RemoteFeedItem.swift */,
			);
			path = FeedAPI;
			sourceTree = "<group>";
		};
		60D364B62D04DF6E00D823BF /* FeedAPI */ = {
			isa = PBXGroup;
			children = (
				6093EBF92D23099400659951 /* Helpers */,
				6042DBA42D21C15900173627 /* LoadFeedImageDataFromRemoteUseCaseTests.swift */,
				60D364B92D04DF8100D823BF /* LoadFeedFromRemoteUseCaseTests.swift */,
				60D364BB2D04E7CC00D823BF /* URLSessionHTTPClientTests.swift */,
			);
			path = FeedAPI;
			sourceTree = "<group>";
		};
		60D364BD2D06028100D823BF /* Helpers */ = {
			isa = PBXGroup;
			children = (
				6093EBEF2D2303FB00659951 /* HTTPClientSpy.swift */,
				60FB1B582D0A149E00277A50 /* SharedTestHelpers.swift */,
				60D364BE2D06029C00D823BF /* XCTestCase+MemoryLeakTracking.swift */,
			);
			path = Helpers;
			sourceTree = "<group>";
		};
		60FB1B412D08C09C00277A50 /* Feed Cache */ = {
			isa = PBXGroup;
			children = (
				60FB1B512D09C16F00277A50 /* Helpers */,
				60FB1B422D08C0F700277A50 /* CacheFeedUseCaseTests.swift */,
				60FB1B4F2D09C08E00277A50 /* LoadFeedFromCacheUseCaseTests.swift */,
				60FB1B542D0A0D5700277A50 /* ValidateFeedCacheUseCaseTests.swift */,
				60FB1B632D0D98CC00277A50 /* FeedStoreSpecs.swift */,
				60FB1B652D0D996A00277A50 /* XCTestCase+FeedStoreSpecs.swift */,
				60FB1B692D0DA56500277A50 /* XCTestCase+FailableRetrieveFeedStoreSpecs.swift */,
				60FB1B5F2D0C60C000277A50 /* CodableFeedStoreTests.swift */,
				60FB1B6B2D0DA62100277A50 /* XCTestCase+FailableInsertFeedStoreSpecs.swift */,
				60FB1B6D2D0DA6D500277A50 /* XCTestCase+FailableDeleteFeedStoreSpecs.swift */,
				60FB1B6F2D0DB1EE00277A50 /* CoreDataFeedStoreTests.swift */,
				6093EC022D240C7200659951 /* LoadFeedImageDataFromCacheUseCaseTests.swift */,
			);
			path = "Feed Cache";
			sourceTree = "<group>";
		};
		60FB1B442D08D80100277A50 /* Feed Cache */ = {
			isa = PBXGroup;
			children = (
				60FB1B782D0E094400277A50 /* Infrastructure */,
				60FB1B452D08D81100277A50 /* LocalFeedLoader.swift */,
				6093EC002D24082300659951 /* LocalFeedImageDataLoader.swift */,
				60FB1B472D08D8AB00277A50 /* FeedStore.swift */,
				6093EBFE2D2407F600659951 /* FeedImageDataStore.swift */,
				60FB1B4B2D098CBE00277A50 /* LocalFeedImage.swift */,
				60FB1B5B2D0B66DD00277A50 /* FeedCachePolicy.swift */,
				60FB1B732D0DF80700277A50 /* FeedStore.xcdatamodeld */,
			);
			path = "Feed Cache";
			sourceTree = "<group>";
		};
		60FB1B512D09C16F00277A50 /* Helpers */ = {
			isa = PBXGroup;
			children = (
				6093EC042D240CAD00659951 /* FeedImageDataStoreSpy.swift */,
				60FB1B562D0A13B700277A50 /* FeedCacheTestHelpers.swift */,
				60FB1B522D09C17D00277A50 /* FeedStoreSpy.swift */,
			);
			path = Helpers;
			sourceTree = "<group>";
		};
		60FB1B782D0E094400277A50 /* Infrastructure */ = {
			isa = PBXGroup;
			children = (
				60FB1B792D0E09D900277A50 /* CoreData */,
				60FB1B612D0D6FD900277A50 /* CodableFeedStore.swift */,
			);
			path = Infrastructure;
			sourceTree = "<group>";
		};
		60FB1B792D0E09D900277A50 /* CoreData */ = {
			isa = PBXGroup;
			children = (
				60FB1B7C2D0E0A5200277A50 /* ManagedCache.swift */,
				60FB1B7A2D0E09EC00277A50 /* CoreDataHelpers.swift */,
				60FB1B762D0DF95600277A50 /* CoreDataFeedStore.swift */,
			);
			path = CoreData;
			sourceTree = "<group>";
		};
/* End PBXGroup section */

/* Begin PBXHeadersBuildPhase section */
		080EDEEC21B6DA7E00813479 /* Headers */ = {
			isa = PBXHeadersBuildPhase;
			buildActionMask = 2147483647;
			files = (
			);
			runOnlyForDeploymentPostprocessing = 0;
		};
		60202EBE2D12D28C003F0306 /* Headers */ = {
			isa = PBXHeadersBuildPhase;
			buildActionMask = 2147483647;
			files = (
			);
			runOnlyForDeploymentPostprocessing = 0;
		};
/* End PBXHeadersBuildPhase section */

/* Begin PBXNativeTarget section */
		080EDEF021B6DA7E00813479 /* EssentialFeed */ = {
			isa = PBXNativeTarget;
			buildConfigurationList = 080EDF0521B6DA7E00813479 /* Build configuration list for PBXNativeTarget "EssentialFeed" */;
			buildPhases = (
				080EDEEC21B6DA7E00813479 /* Headers */,
				080EDEED21B6DA7E00813479 /* Sources */,
				080EDEEE21B6DA7E00813479 /* Frameworks */,
				080EDEEF21B6DA7E00813479 /* Resources */,
			);
			buildRules = (
			);
			dependencies = (
			);
			name = EssentialFeed;
			productName = EssentialFeed;
			productReference = 080EDEF121B6DA7E00813479 /* EssentialFeed.framework */;
			productType = "com.apple.product-type.framework";
		};
		080EDEF921B6DA7E00813479 /* EssentialFeedTests */ = {
			isa = PBXNativeTarget;
			buildConfigurationList = 080EDF0821B6DA7E00813479 /* Build configuration list for PBXNativeTarget "EssentialFeedTests" */;
			buildPhases = (
				080EDEF621B6DA7E00813479 /* Sources */,
				080EDEF721B6DA7E00813479 /* Frameworks */,
				080EDEF821B6DA7E00813479 /* Resources */,
			);
			buildRules = (
			);
			dependencies = (
				080EDEFD21B6DA7E00813479 /* PBXTargetDependency */,
			);
			name = EssentialFeedTests;
			productName = EssentialFeedTests;
			productReference = 080EDEFA21B6DA7E00813479 /* EssentialFeedTests.xctest */;
			productType = "com.apple.product-type.bundle.unit-test";
		};
		60202EC22D12D28C003F0306 /* EssentialFeediOS */ = {
			isa = PBXNativeTarget;
			buildConfigurationList = 60202ED92D12D28C003F0306 /* Build configuration list for PBXNativeTarget "EssentialFeediOS" */;
			buildPhases = (
				60202EBE2D12D28C003F0306 /* Headers */,
				60202EBF2D12D28C003F0306 /* Sources */,
				60202EC02D12D28C003F0306 /* Frameworks */,
				60202EC12D12D28C003F0306 /* Resources */,
				60202EF72D12E460003F0306 /* Embed Frameworks */,
			);
			buildRules = (
			);
			dependencies = (
				60202EF62D12E460003F0306 /* PBXTargetDependency */,
			);
			fileSystemSynchronizedGroups = (
				60202EC42D12D28C003F0306 /* EssentialFeediOS */,
			);
			name = EssentialFeediOS;
			packageProductDependencies = (
			);
			productName = EssentialFeediOS;
			productReference = 60202EC32D12D28C003F0306 /* EssentialFeediOS.framework */;
			productType = "com.apple.product-type.framework";
		};
		60202ECB2D12D28C003F0306 /* EssentialFeediOSTests */ = {
			isa = PBXNativeTarget;
			buildConfigurationList = 60202EDA2D12D28C003F0306 /* Build configuration list for PBXNativeTarget "EssentialFeediOSTests" */;
			buildPhases = (
				60202EC82D12D28C003F0306 /* Sources */,
				60202EC92D12D28C003F0306 /* Frameworks */,
				60202ECA2D12D28C003F0306 /* Resources */,
			);
			buildRules = (
			);
			dependencies = (
				60202ECF2D12D28C003F0306 /* PBXTargetDependency */,
			);
			fileSystemSynchronizedGroups = (
				60202ED02D12D28C003F0306 /* EssentialFeediOSTests */,
			);
			name = EssentialFeediOSTests;
			packageProductDependencies = (
			);
			productName = EssentialFeediOSTests;
			productReference = 60202ECC2D12D28C003F0306 /* EssentialFeediOSTests.xctest */;
			productType = "com.apple.product-type.bundle.unit-test";
		};
		60D364C52D06203D00D823BF /* EssentialFeedAPIEndToEndTests */ = {
			isa = PBXNativeTarget;
			buildConfigurationList = 60D364CD2D06203D00D823BF /* Build configuration list for PBXNativeTarget "EssentialFeedAPIEndToEndTests" */;
			buildPhases = (
				60D364C22D06203D00D823BF /* Sources */,
				60D364C32D06203D00D823BF /* Frameworks */,
				60D364C42D06203D00D823BF /* Resources */,
			);
			buildRules = (
			);
			dependencies = (
				60D364CC2D06203D00D823BF /* PBXTargetDependency */,
			);
			fileSystemSynchronizedGroups = (
				60D364C72D06203D00D823BF /* EssentialFeedAPIEndToEndTests */,
			);
			name = EssentialFeedAPIEndToEndTests;
			packageProductDependencies = (
			);
			productName = EssentialFeedAPIEndToEndTests;
			productReference = 60D364C62D06203D00D823BF /* EssentialFeedAPIEndToEndTests.xctest */;
			productType = "com.apple.product-type.bundle.unit-test";
		};
		60FB1B812D0F4CED00277A50 /* EssentialFeedCacheIntegrationTests */ = {
			isa = PBXNativeTarget;
			buildConfigurationList = 60FB1B892D0F4CED00277A50 /* Build configuration list for PBXNativeTarget "EssentialFeedCacheIntegrationTests" */;
			buildPhases = (
				60FB1B7E2D0F4CED00277A50 /* Sources */,
				60FB1B7F2D0F4CED00277A50 /* Frameworks */,
				60FB1B802D0F4CED00277A50 /* Resources */,
			);
			buildRules = (
			);
			dependencies = (
				60FB1B882D0F4CED00277A50 /* PBXTargetDependency */,
			);
			fileSystemSynchronizedGroups = (
				60FB1B832D0F4CED00277A50 /* EssentialFeedCacheIntegrationTests */,
			);
			name = EssentialFeedCacheIntegrationTests;
			packageProductDependencies = (
			);
			productName = EssentialFeedCacheIntegrationTests;
			productReference = 60FB1B822D0F4CED00277A50 /* EssentialFeedCacheIntegrationTests.xctest */;
			productType = "com.apple.product-type.bundle.unit-test";
		};
/* End PBXNativeTarget section */

/* Begin PBXProject section */
		080EDEE821B6DA7E00813479 /* Project object */ = {
			isa = PBXProject;
			attributes = {
				BuildIndependentTargetsInParallel = YES;
				LastSwiftUpdateCheck = 1610;
				LastUpgradeCheck = 1610;
				ORGANIZATIONNAME = "";
				TargetAttributes = {
					080EDEF021B6DA7E00813479 = {
						CreatedOnToolsVersion = 10.1;
						LastSwiftMigration = 1540;
					};
					080EDEF921B6DA7E00813479 = {
						CreatedOnToolsVersion = 10.1;
						LastSwiftMigration = 1600;
					};
					60202EC22D12D28C003F0306 = {
						CreatedOnToolsVersion = 16.1;
					};
					60202ECB2D12D28C003F0306 = {
						CreatedOnToolsVersion = 16.1;
						LastSwiftMigration = 1610;
					};
					60D364C52D06203D00D823BF = {
						CreatedOnToolsVersion = 16.0;
					};
					60FB1B812D0F4CED00277A50 = {
						CreatedOnToolsVersion = 16.1;
					};
				};
			};
			buildConfigurationList = 080EDEEB21B6DA7E00813479 /* Build configuration list for PBXProject "EssentialFeed" */;
			compatibilityVersion = "Xcode 13.0";
			developmentRegion = en;
			hasScannedForEncodings = 0;
			knownRegions = (
				en,
				Base,
				"pt-BR",
				el,
			);
			mainGroup = 080EDEE721B6DA7E00813479;
			productRefGroup = 080EDEF221B6DA7E00813479 /* Products */;
			projectDirPath = "";
			projectRoot = "";
			targets = (
				080EDEF021B6DA7E00813479 /* EssentialFeed */,
				080EDEF921B6DA7E00813479 /* EssentialFeedTests */,
				60D364C52D06203D00D823BF /* EssentialFeedAPIEndToEndTests */,
				60FB1B812D0F4CED00277A50 /* EssentialFeedCacheIntegrationTests */,
				60202EC22D12D28C003F0306 /* EssentialFeediOS */,
				60202ECB2D12D28C003F0306 /* EssentialFeediOSTests */,
			);
		};
/* End PBXProject section */

/* Begin PBXResourcesBuildPhase section */
		080EDEEF21B6DA7E00813479 /* Resources */ = {
			isa = PBXResourcesBuildPhase;
			buildActionMask = 2147483647;
			files = (
			);
			runOnlyForDeploymentPostprocessing = 0;
		};
		080EDEF821B6DA7E00813479 /* Resources */ = {
			isa = PBXResourcesBuildPhase;
			buildActionMask = 2147483647;
			files = (
			);
			runOnlyForDeploymentPostprocessing = 0;
		};
		60202EC12D12D28C003F0306 /* Resources */ = {
			isa = PBXResourcesBuildPhase;
			buildActionMask = 2147483647;
			files = (
			);
			runOnlyForDeploymentPostprocessing = 0;
		};
		60202ECA2D12D28C003F0306 /* Resources */ = {
			isa = PBXResourcesBuildPhase;
			buildActionMask = 2147483647;
			files = (
			);
			runOnlyForDeploymentPostprocessing = 0;
		};
		60D364C42D06203D00D823BF /* Resources */ = {
			isa = PBXResourcesBuildPhase;
			buildActionMask = 2147483647;
			files = (
			);
			runOnlyForDeploymentPostprocessing = 0;
		};
		60FB1B802D0F4CED00277A50 /* Resources */ = {
			isa = PBXResourcesBuildPhase;
			buildActionMask = 2147483647;
			files = (
			);
			runOnlyForDeploymentPostprocessing = 0;
		};
/* End PBXResourcesBuildPhase section */

/* Begin PBXSourcesBuildPhase section */
		080EDEED21B6DA7E00813479 /* Sources */ = {
			isa = PBXSourcesBuildPhase;
			buildActionMask = 2147483647;
			files = (
				60FB1B7B2D0E09F100277A50 /* CoreDataHelpers.swift in Sources */,
				60FB1B752D0DF80700277A50 /* FeedStore.xcdatamodeld in Sources */,
				60D364B52D04D7E100D823BF /* FeedItemsMapper.swift in Sources */,
				6093EC012D24083000659951 /* LocalFeedImageDataLoader.swift in Sources */,
				080EDF0E21B6DCB600813479 /* FeedLoader.swift in Sources */,
				60FB1B4A2D098C8000277A50 /* RemoteFeedItem.swift in Sources */,
				6093EBFF2D2407FB00659951 /* FeedImageDataStore.swift in Sources */,
				60FB1B5C2D0B66DD00277A50 /* FeedCachePolicy.swift in Sources */,
				60D364652CFE0CF500D823BF /* RemoteFeedLoader.swift in Sources */,
				60FB1B772D0DF95B00277A50 /* CoreDataFeedStore.swift in Sources */,
				6042DBA72D22D80000173627 /* FeedImageDataLoader.swift in Sources */,
				60FB1B4C2D098CBE00277A50 /* LocalFeedImage.swift in Sources */,
				60FB1B482D08D8AB00277A50 /* FeedStore.swift in Sources */,
				6093EBF82D23091500659951 /* HTTPURLResponse+StatusCode.swift in Sources */,
				60FB1B462D08D81100277A50 /* LocalFeedLoader.swift in Sources */,
				60FB1B622D0D6FDE00277A50 /* CodableFeedStore.swift in Sources */,
				60D364B32D04D77200D823BF /* HTTPClient.swift in Sources */,
				6093EBF52D23047700659951 /* RemoteFeedImageLoader.swift in Sources */,
				080EDF0C21B6DAE800813479 /* FeedImage.swift in Sources */,
				60FB1B7D2D0E0A5500277A50 /* ManagedCache.swift in Sources */,
				60D364C12D06119200D823BF /* URLSessionHTTPClient.swift in Sources */,
			);
			runOnlyForDeploymentPostprocessing = 0;
		};
		080EDEF621B6DA7E00813479 /* Sources */ = {
			isa = PBXSourcesBuildPhase;
			buildActionMask = 2147483647;
			files = (
				60FB1B6A2D0DA58000277A50 /* XCTestCase+FailableRetrieveFeedStoreSpecs.swift in Sources */,
				60FB1B602D0C60C500277A50 /* CodableFeedStoreTests.swift in Sources */,
				60FB1B572D0A13BE00277A50 /* FeedCacheTestHelpers.swift in Sources */,
				60FB1B552D0A0D5700277A50 /* ValidateFeedCacheUseCaseTests.swift in Sources */,
				6093EC032D240C7200659951 /* LoadFeedImageDataFromCacheUseCaseTests.swift in Sources */,
				60FB1B6C2D0DA62100277A50 /* XCTestCase+FailableInsertFeedStoreSpecs.swift in Sources */,
				60D364BA2D04DF8100D823BF /* LoadFeedFromRemoteUseCaseTests.swift in Sources */,
				60D364BC2D04E7D500D823BF /* URLSessionHTTPClientTests.swift in Sources */,
				6093EBF02D2303FF00659951 /* HTTPClientSpy.swift in Sources */,
				6042DBA52D21C16300173627 /* LoadFeedImageDataFromRemoteUseCaseTests.swift in Sources */,
				60FB1B532D09C18200277A50 /* FeedStoreSpy.swift in Sources */,
				60FB1B5A2D0A14A400277A50 /* SharedTestHelpers.swift in Sources */,
				60FB1B6E2D0DA6E100277A50 /* XCTestCase+FailableDeleteFeedStoreSpecs.swift in Sources */,
				60FB1B432D08C0FE00277A50 /* CacheFeedUseCaseTests.swift in Sources */,
				60FB1B502D09C08E00277A50 /* LoadFeedFromCacheUseCaseTests.swift in Sources */,
				60FB1B642D0D98CC00277A50 /* FeedStoreSpecs.swift in Sources */,
				6093EBFB2D2309A000659951 /* URLProtocolStub.swift in Sources */,
				60D364BF2D0602AD00D823BF /* XCTestCase+MemoryLeakTracking.swift in Sources */,
				60FB1B702D0DB1EE00277A50 /* CoreDataFeedStoreTests.swift in Sources */,
				6093EC052D240CB300659951 /* FeedImageDataStoreSpy.swift in Sources */,
				60FB1B662D0D996A00277A50 /* XCTestCase+FeedStoreSpecs.swift in Sources */,
			);
			runOnlyForDeploymentPostprocessing = 0;
		};
		60202EBF2D12D28C003F0306 /* Sources */ = {
			isa = PBXSourcesBuildPhase;
			buildActionMask = 2147483647;
			files = (
			);
			runOnlyForDeploymentPostprocessing = 0;
		};
		60202EC82D12D28C003F0306 /* Sources */ = {
			isa = PBXSourcesBuildPhase;
			buildActionMask = 2147483647;
			files = (
				60202EF82D12E593003F0306 /* XCTestCase+MemoryLeakTracking.swift in Sources */,
				6093EBF22D2303FF00659951 /* HTTPClientSpy.swift in Sources */,
			);
			runOnlyForDeploymentPostprocessing = 0;
		};
		60D364C22D06203D00D823BF /* Sources */ = {
			isa = PBXSourcesBuildPhase;
			buildActionMask = 2147483647;
			files = (
				60D364D02D062A9100D823BF /* XCTestCase+MemoryLeakTracking.swift in Sources */,
				6093EBF12D2303FF00659951 /* HTTPClientSpy.swift in Sources */,
				60FB1B592D0A14A400277A50 /* SharedTestHelpers.swift in Sources */,
			);
			runOnlyForDeploymentPostprocessing = 0;
		};
		60FB1B7E2D0F4CED00277A50 /* Sources */ = {
			isa = PBXSourcesBuildPhase;
			buildActionMask = 2147483647;
			files = (
				60FB1B8E2D0F587700277A50 /* SharedTestHelpers.swift in Sources */,
				60FB1B8D2D0F585B00277A50 /* FeedCacheTestHelpers.swift in Sources */,
				60FB1B8C2D0F4FA300277A50 /* XCTestCase+MemoryLeakTracking.swift in Sources */,
				6093EC062D240CB300659951 /* FeedImageDataStoreSpy.swift in Sources */,
				6093EBF32D2303FF00659951 /* HTTPClientSpy.swift in Sources */,
			);
			runOnlyForDeploymentPostprocessing = 0;
		};
/* End PBXSourcesBuildPhase section */

/* Begin PBXTargetDependency section */
		080EDEFD21B6DA7E00813479 /* PBXTargetDependency */ = {
			isa = PBXTargetDependency;
			target = 080EDEF021B6DA7E00813479 /* EssentialFeed */;
			targetProxy = 080EDEFC21B6DA7E00813479 /* PBXContainerItemProxy */;
		};
		60202ECF2D12D28C003F0306 /* PBXTargetDependency */ = {
			isa = PBXTargetDependency;
			target = 60202EC22D12D28C003F0306 /* EssentialFeediOS */;
			targetProxy = 60202ECE2D12D28C003F0306 /* PBXContainerItemProxy */;
		};
		60202EF62D12E460003F0306 /* PBXTargetDependency */ = {
			isa = PBXTargetDependency;
			platformFilter = ios;
			target = 080EDEF021B6DA7E00813479 /* EssentialFeed */;
			targetProxy = 60202EF52D12E460003F0306 /* PBXContainerItemProxy */;
		};
		60D364CC2D06203D00D823BF /* PBXTargetDependency */ = {
			isa = PBXTargetDependency;
			target = 080EDEF021B6DA7E00813479 /* EssentialFeed */;
			targetProxy = 60D364CB2D06203D00D823BF /* PBXContainerItemProxy */;
		};
		60FB1B882D0F4CED00277A50 /* PBXTargetDependency */ = {
			isa = PBXTargetDependency;
			target = 080EDEF021B6DA7E00813479 /* EssentialFeed */;
			targetProxy = 60FB1B872D0F4CED00277A50 /* PBXContainerItemProxy */;
		};
/* End PBXTargetDependency section */

/* Begin XCBuildConfiguration section */
		080EDF0321B6DA7E00813479 /* Debug */ = {
			isa = XCBuildConfiguration;
			buildSettings = {
				ALWAYS_SEARCH_USER_PATHS = NO;
				ASSETCATALOG_COMPILER_GENERATE_SWIFT_ASSET_SYMBOL_EXTENSIONS = YES;
				CLANG_ANALYZER_LOCALIZABILITY_NONLOCALIZED = YES;
				CLANG_ANALYZER_NONNULL = YES;
				CLANG_ANALYZER_NUMBER_OBJECT_CONVERSION = YES_AGGRESSIVE;
				CLANG_CXX_LANGUAGE_STANDARD = "gnu++14";
				CLANG_CXX_LIBRARY = "libc++";
				CLANG_ENABLE_MODULES = YES;
				CLANG_ENABLE_OBJC_ARC = YES;
				CLANG_ENABLE_OBJC_WEAK = YES;
				CLANG_WARN_BLOCK_CAPTURE_AUTORELEASING = YES;
				CLANG_WARN_BOOL_CONVERSION = YES;
				CLANG_WARN_COMMA = YES;
				CLANG_WARN_CONSTANT_CONVERSION = YES;
				CLANG_WARN_DEPRECATED_OBJC_IMPLEMENTATIONS = YES;
				CLANG_WARN_DIRECT_OBJC_ISA_USAGE = YES_ERROR;
				CLANG_WARN_DOCUMENTATION_COMMENTS = YES;
				CLANG_WARN_EMPTY_BODY = YES;
				CLANG_WARN_ENUM_CONVERSION = YES;
				CLANG_WARN_INFINITE_RECURSION = YES;
				CLANG_WARN_INT_CONVERSION = YES;
				CLANG_WARN_NON_LITERAL_NULL_CONVERSION = YES;
				CLANG_WARN_OBJC_IMPLICIT_RETAIN_SELF = YES;
				CLANG_WARN_OBJC_LITERAL_CONVERSION = YES;
				CLANG_WARN_OBJC_ROOT_CLASS = YES_ERROR;
				CLANG_WARN_QUOTED_INCLUDE_IN_FRAMEWORK_HEADER = YES;
				CLANG_WARN_RANGE_LOOP_ANALYSIS = YES;
				CLANG_WARN_STRICT_PROTOTYPES = YES;
				CLANG_WARN_SUSPICIOUS_MOVE = YES;
				CLANG_WARN_UNGUARDED_AVAILABILITY = YES_AGGRESSIVE;
				CLANG_WARN_UNREACHABLE_CODE = YES;
				CLANG_WARN__DUPLICATE_METHOD_MATCH = YES;
				CODE_SIGN_IDENTITY = "Mac Developer";
				COPY_PHASE_STRIP = NO;
				CURRENT_PROJECT_VERSION = 1;
				DEAD_CODE_STRIPPING = YES;
				DEBUG_INFORMATION_FORMAT = dwarf;
				ENABLE_STRICT_OBJC_MSGSEND = YES;
				ENABLE_TESTABILITY = YES;
				ENABLE_USER_SCRIPT_SANDBOXING = YES;
				GCC_C_LANGUAGE_STANDARD = gnu11;
				GCC_DYNAMIC_NO_PIC = NO;
				GCC_NO_COMMON_BLOCKS = YES;
				GCC_OPTIMIZATION_LEVEL = 0;
				GCC_PREPROCESSOR_DEFINITIONS = (
					"DEBUG=1",
					"$(inherited)",
				);
				GCC_WARN_64_TO_32_BIT_CONVERSION = YES;
				GCC_WARN_ABOUT_RETURN_TYPE = YES_ERROR;
				GCC_WARN_UNDECLARED_SELECTOR = YES;
				GCC_WARN_UNINITIALIZED_AUTOS = YES_AGGRESSIVE;
				GCC_WARN_UNUSED_FUNCTION = YES;
				GCC_WARN_UNUSED_VARIABLE = YES;
				MACOSX_DEPLOYMENT_TARGET = 14.0;
				MTL_ENABLE_DEBUG_INFO = INCLUDE_SOURCE;
				MTL_FAST_MATH = YES;
				ONLY_ACTIVE_ARCH = YES;
				SDKROOT = macosx;
				SWIFT_ACTIVE_COMPILATION_CONDITIONS = DEBUG;
				SWIFT_OPTIMIZATION_LEVEL = "-Onone";
				SWIFT_STRICT_CONCURRENCY = minimal;
				SWIFT_VERSION = 5.0;
				VERSIONING_SYSTEM = "apple-generic";
				VERSION_INFO_PREFIX = "";
			};
			name = Debug;
		};
		080EDF0421B6DA7E00813479 /* Release */ = {
			isa = XCBuildConfiguration;
			buildSettings = {
				ALWAYS_SEARCH_USER_PATHS = NO;
				ASSETCATALOG_COMPILER_GENERATE_SWIFT_ASSET_SYMBOL_EXTENSIONS = YES;
				CLANG_ANALYZER_LOCALIZABILITY_NONLOCALIZED = YES;
				CLANG_ANALYZER_NONNULL = YES;
				CLANG_ANALYZER_NUMBER_OBJECT_CONVERSION = YES_AGGRESSIVE;
				CLANG_CXX_LANGUAGE_STANDARD = "gnu++14";
				CLANG_CXX_LIBRARY = "libc++";
				CLANG_ENABLE_MODULES = YES;
				CLANG_ENABLE_OBJC_ARC = YES;
				CLANG_ENABLE_OBJC_WEAK = YES;
				CLANG_WARN_BLOCK_CAPTURE_AUTORELEASING = YES;
				CLANG_WARN_BOOL_CONVERSION = YES;
				CLANG_WARN_COMMA = YES;
				CLANG_WARN_CONSTANT_CONVERSION = YES;
				CLANG_WARN_DEPRECATED_OBJC_IMPLEMENTATIONS = YES;
				CLANG_WARN_DIRECT_OBJC_ISA_USAGE = YES_ERROR;
				CLANG_WARN_DOCUMENTATION_COMMENTS = YES;
				CLANG_WARN_EMPTY_BODY = YES;
				CLANG_WARN_ENUM_CONVERSION = YES;
				CLANG_WARN_INFINITE_RECURSION = YES;
				CLANG_WARN_INT_CONVERSION = YES;
				CLANG_WARN_NON_LITERAL_NULL_CONVERSION = YES;
				CLANG_WARN_OBJC_IMPLICIT_RETAIN_SELF = YES;
				CLANG_WARN_OBJC_LITERAL_CONVERSION = YES;
				CLANG_WARN_OBJC_ROOT_CLASS = YES_ERROR;
				CLANG_WARN_QUOTED_INCLUDE_IN_FRAMEWORK_HEADER = YES;
				CLANG_WARN_RANGE_LOOP_ANALYSIS = YES;
				CLANG_WARN_STRICT_PROTOTYPES = YES;
				CLANG_WARN_SUSPICIOUS_MOVE = YES;
				CLANG_WARN_UNGUARDED_AVAILABILITY = YES_AGGRESSIVE;
				CLANG_WARN_UNREACHABLE_CODE = YES;
				CLANG_WARN__DUPLICATE_METHOD_MATCH = YES;
				CODE_SIGN_IDENTITY = "Mac Developer";
				COPY_PHASE_STRIP = NO;
				CURRENT_PROJECT_VERSION = 1;
				DEAD_CODE_STRIPPING = YES;
				DEBUG_INFORMATION_FORMAT = "dwarf-with-dsym";
				ENABLE_NS_ASSERTIONS = NO;
				ENABLE_STRICT_OBJC_MSGSEND = YES;
				ENABLE_USER_SCRIPT_SANDBOXING = YES;
				GCC_C_LANGUAGE_STANDARD = gnu11;
				GCC_NO_COMMON_BLOCKS = YES;
				GCC_WARN_64_TO_32_BIT_CONVERSION = YES;
				GCC_WARN_ABOUT_RETURN_TYPE = YES_ERROR;
				GCC_WARN_UNDECLARED_SELECTOR = YES;
				GCC_WARN_UNINITIALIZED_AUTOS = YES_AGGRESSIVE;
				GCC_WARN_UNUSED_FUNCTION = YES;
				GCC_WARN_UNUSED_VARIABLE = YES;
				MACOSX_DEPLOYMENT_TARGET = 14.0;
				MTL_ENABLE_DEBUG_INFO = NO;
				MTL_FAST_MATH = YES;
				SDKROOT = macosx;
				SWIFT_COMPILATION_MODE = wholemodule;
				SWIFT_OPTIMIZATION_LEVEL = "-O";
				SWIFT_STRICT_CONCURRENCY = minimal;
				SWIFT_VERSION = 5.0;
				VERSIONING_SYSTEM = "apple-generic";
				VERSION_INFO_PREFIX = "";
			};
			name = Release;
		};
		080EDF0621B6DA7E00813479 /* Debug */ = {
			isa = XCBuildConfiguration;
			buildSettings = {
				BUILD_LIBRARY_FOR_DISTRIBUTION = YES;
				CLANG_ENABLE_MODULES = YES;
				CODE_SIGN_IDENTITY = "";
				CODE_SIGN_STYLE = Automatic;
				COMBINE_HIDPI_IMAGES = YES;
				DEAD_CODE_STRIPPING = YES;
				DEFINES_MODULE = YES;
				DEVELOPMENT_TEAM = "";
				DYLIB_COMPATIBILITY_VERSION = 1;
				DYLIB_CURRENT_VERSION = 1;
				DYLIB_INSTALL_NAME_BASE = "@rpath";
				ENABLE_MODULE_VERIFIER = YES;
				FRAMEWORK_VERSION = A;
				INFOPLIST_FILE = EssentialFeed/Info.plist;
				INSTALL_PATH = "$(LOCAL_LIBRARY_DIR)/Frameworks";
				LD_RUNPATH_SEARCH_PATHS = (
					"$(inherited)",
					"@executable_path/../Frameworks",
					"@loader_path/Frameworks",
				);
				MODULE_VERIFIER_SUPPORTED_LANGUAGE_STANDARDS = "gnu11 gnu++14";
				PRODUCT_BUNDLE_IDENTIFIER = com.essentialdeveloper.EssentialFeed;
				PRODUCT_NAME = "$(TARGET_NAME:c99extidentifier)";
				SKIP_INSTALL = YES;
				SUPPORTED_PLATFORMS = "macosx iphonesimulator iphoneos";
				SWIFT_OPTIMIZATION_LEVEL = "-Onone";
			};
			name = Debug;
		};
		080EDF0721B6DA7E00813479 /* Release */ = {
			isa = XCBuildConfiguration;
			buildSettings = {
				BUILD_LIBRARY_FOR_DISTRIBUTION = YES;
				CLANG_ENABLE_MODULES = YES;
				CODE_SIGN_IDENTITY = "";
				CODE_SIGN_STYLE = Automatic;
				COMBINE_HIDPI_IMAGES = YES;
				DEAD_CODE_STRIPPING = YES;
				DEFINES_MODULE = YES;
				DEVELOPMENT_TEAM = "";
				DYLIB_COMPATIBILITY_VERSION = 1;
				DYLIB_CURRENT_VERSION = 1;
				DYLIB_INSTALL_NAME_BASE = "@rpath";
				ENABLE_MODULE_VERIFIER = YES;
				FRAMEWORK_VERSION = A;
				INFOPLIST_FILE = EssentialFeed/Info.plist;
				INSTALL_PATH = "$(LOCAL_LIBRARY_DIR)/Frameworks";
				LD_RUNPATH_SEARCH_PATHS = (
					"$(inherited)",
					"@executable_path/../Frameworks",
					"@loader_path/Frameworks",
				);
				MODULE_VERIFIER_SUPPORTED_LANGUAGE_STANDARDS = "gnu11 gnu++14";
				PRODUCT_BUNDLE_IDENTIFIER = com.essentialdeveloper.EssentialFeed;
				PRODUCT_NAME = "$(TARGET_NAME:c99extidentifier)";
				SKIP_INSTALL = YES;
				SUPPORTED_PLATFORMS = "macosx iphonesimulator iphoneos";
			};
			name = Release;
		};
		080EDF0921B6DA7E00813479 /* Debug */ = {
			isa = XCBuildConfiguration;
			buildSettings = {
				CLANG_ENABLE_MODULES = YES;
				"CODE_SIGN_IDENTITY[sdk=macosx*]" = "-";
				CODE_SIGN_STYLE = Automatic;
				COMBINE_HIDPI_IMAGES = YES;
				DEAD_CODE_STRIPPING = YES;
				DEVELOPMENT_TEAM = "";
				INFOPLIST_FILE = EssentialFeedTests/Info.plist;
				LD_RUNPATH_SEARCH_PATHS = (
					"$(inherited)",
					"@executable_path/../Frameworks",
					"@loader_path/../Frameworks",
				);
				PRODUCT_BUNDLE_IDENTIFIER = com.essentialdeveloper.EssentialFeedTests;
				PRODUCT_NAME = "$(TARGET_NAME)";
				SUPPORTED_PLATFORMS = "macosx iphoneos iphonesimulator";
				SWIFT_OPTIMIZATION_LEVEL = "-Onone";
				SWIFT_VERSION = 5.0;
			};
			name = Debug;
		};
		080EDF0A21B6DA7E00813479 /* Release */ = {
			isa = XCBuildConfiguration;
			buildSettings = {
				CLANG_ENABLE_MODULES = YES;
				"CODE_SIGN_IDENTITY[sdk=macosx*]" = "-";
				CODE_SIGN_STYLE = Automatic;
				COMBINE_HIDPI_IMAGES = YES;
				DEAD_CODE_STRIPPING = YES;
				DEVELOPMENT_TEAM = "";
				INFOPLIST_FILE = EssentialFeedTests/Info.plist;
				LD_RUNPATH_SEARCH_PATHS = (
					"$(inherited)",
					"@executable_path/../Frameworks",
					"@loader_path/../Frameworks",
				);
				PRODUCT_BUNDLE_IDENTIFIER = com.essentialdeveloper.EssentialFeedTests;
				PRODUCT_NAME = "$(TARGET_NAME)";
				SUPPORTED_PLATFORMS = "macosx iphoneos iphonesimulator";
				SWIFT_VERSION = 5.0;
			};
			name = Release;
		};
		60202ED42D12D28C003F0306 /* Debug */ = {
			isa = XCBuildConfiguration;
			buildSettings = {
				BUILD_LIBRARY_FOR_DISTRIBUTION = YES;
				CLANG_CXX_LANGUAGE_STANDARD = "gnu++20";
				CODE_SIGN_IDENTITY = "";
				CODE_SIGN_STYLE = Automatic;
				CURRENT_PROJECT_VERSION = 1;
				DEFINES_MODULE = YES;
				DEVELOPMENT_TEAM = XJ2UXQ823J;
				DYLIB_COMPATIBILITY_VERSION = 1;
				DYLIB_CURRENT_VERSION = 1;
				DYLIB_INSTALL_NAME_BASE = "@rpath";
				ENABLE_MODULE_VERIFIER = YES;
				GCC_C_LANGUAGE_STANDARD = gnu17;
				GENERATE_INFOPLIST_FILE = YES;
				INFOPLIST_KEY_NSHumanReadableCopyright = "";
				INSTALL_PATH = "$(LOCAL_LIBRARY_DIR)/Frameworks";
				IPHONEOS_DEPLOYMENT_TARGET = 18.1;
				LD_RUNPATH_SEARCH_PATHS = (
					"$(inherited)",
					"@executable_path/Frameworks",
					"@loader_path/Frameworks",
				);
				LOCALIZATION_PREFERS_STRING_CATALOGS = YES;
				MARKETING_VERSION = 1.0;
				MODULE_VERIFIER_SUPPORTED_LANGUAGES = "objective-c objective-c++";
				MODULE_VERIFIER_SUPPORTED_LANGUAGE_STANDARDS = "gnu17 gnu++20";
				PRODUCT_BUNDLE_IDENTIFIER = com.learning.me.EssentialFeediOS;
				PRODUCT_NAME = "$(TARGET_NAME:c99extidentifier)";
				SDKROOT = iphoneos;
				SKIP_INSTALL = YES;
				SWIFT_ACTIVE_COMPILATION_CONDITIONS = "DEBUG $(inherited)";
				SWIFT_EMIT_LOC_STRINGS = YES;
				SWIFT_INSTALL_OBJC_HEADER = NO;
				SWIFT_VERSION = 5.0;
				TARGETED_DEVICE_FAMILY = "1,2";
			};
			name = Debug;
		};
		60202ED52D12D28C003F0306 /* Release */ = {
			isa = XCBuildConfiguration;
			buildSettings = {
				BUILD_LIBRARY_FOR_DISTRIBUTION = YES;
				CLANG_CXX_LANGUAGE_STANDARD = "gnu++20";
				CODE_SIGN_IDENTITY = "";
				CODE_SIGN_STYLE = Automatic;
				CURRENT_PROJECT_VERSION = 1;
				DEFINES_MODULE = YES;
				DEVELOPMENT_TEAM = XJ2UXQ823J;
				DYLIB_COMPATIBILITY_VERSION = 1;
				DYLIB_CURRENT_VERSION = 1;
				DYLIB_INSTALL_NAME_BASE = "@rpath";
				ENABLE_MODULE_VERIFIER = YES;
				GCC_C_LANGUAGE_STANDARD = gnu17;
				GENERATE_INFOPLIST_FILE = YES;
				INFOPLIST_KEY_NSHumanReadableCopyright = "";
				INSTALL_PATH = "$(LOCAL_LIBRARY_DIR)/Frameworks";
				IPHONEOS_DEPLOYMENT_TARGET = 18.1;
				LD_RUNPATH_SEARCH_PATHS = (
					"$(inherited)",
					"@executable_path/Frameworks",
					"@loader_path/Frameworks",
				);
				LOCALIZATION_PREFERS_STRING_CATALOGS = YES;
				MARKETING_VERSION = 1.0;
				MODULE_VERIFIER_SUPPORTED_LANGUAGES = "objective-c objective-c++";
				MODULE_VERIFIER_SUPPORTED_LANGUAGE_STANDARDS = "gnu17 gnu++20";
				PRODUCT_BUNDLE_IDENTIFIER = com.learning.me.EssentialFeediOS;
				PRODUCT_NAME = "$(TARGET_NAME:c99extidentifier)";
				SDKROOT = iphoneos;
				SKIP_INSTALL = YES;
				SWIFT_EMIT_LOC_STRINGS = YES;
				SWIFT_INSTALL_OBJC_HEADER = NO;
				SWIFT_VERSION = 5.0;
				TARGETED_DEVICE_FAMILY = "1,2";
				VALIDATE_PRODUCT = YES;
			};
			name = Release;
		};
		60202ED62D12D28C003F0306 /* Debug */ = {
			isa = XCBuildConfiguration;
			buildSettings = {
				CLANG_CXX_LANGUAGE_STANDARD = "gnu++20";
				CLANG_ENABLE_MODULES = YES;
				CODE_SIGN_STYLE = Automatic;
				CURRENT_PROJECT_VERSION = 1;
				DEVELOPMENT_TEAM = XJ2UXQ823J;
				GCC_C_LANGUAGE_STANDARD = gnu17;
				GENERATE_INFOPLIST_FILE = YES;
				IPHONEOS_DEPLOYMENT_TARGET = 18.1;
				LOCALIZATION_PREFERS_STRING_CATALOGS = YES;
				MARKETING_VERSION = 1.0;
				PRODUCT_BUNDLE_IDENTIFIER = com.learning.me.EssentialFeediOSTests;
				PRODUCT_NAME = "$(TARGET_NAME)";
				SDKROOT = iphoneos;
				SWIFT_ACTIVE_COMPILATION_CONDITIONS = "DEBUG $(inherited)";
				SWIFT_EMIT_LOC_STRINGS = NO;
				SWIFT_OPTIMIZATION_LEVEL = "-Onone";
				SWIFT_VERSION = 5.0;
				TARGETED_DEVICE_FAMILY = "1,2";
			};
			name = Debug;
		};
		60202ED72D12D28C003F0306 /* Release */ = {
			isa = XCBuildConfiguration;
			buildSettings = {
				CLANG_CXX_LANGUAGE_STANDARD = "gnu++20";
				CLANG_ENABLE_MODULES = YES;
				CODE_SIGN_STYLE = Automatic;
				CURRENT_PROJECT_VERSION = 1;
				DEVELOPMENT_TEAM = XJ2UXQ823J;
				GCC_C_LANGUAGE_STANDARD = gnu17;
				GENERATE_INFOPLIST_FILE = YES;
				IPHONEOS_DEPLOYMENT_TARGET = 18.1;
				LOCALIZATION_PREFERS_STRING_CATALOGS = YES;
				MARKETING_VERSION = 1.0;
				PRODUCT_BUNDLE_IDENTIFIER = com.learning.me.EssentialFeediOSTests;
				PRODUCT_NAME = "$(TARGET_NAME)";
				SDKROOT = iphoneos;
				SWIFT_EMIT_LOC_STRINGS = NO;
				SWIFT_VERSION = 5.0;
				TARGETED_DEVICE_FAMILY = "1,2";
				VALIDATE_PRODUCT = YES;
			};
			name = Release;
		};
		60D364CE2D06203D00D823BF /* Debug */ = {
			isa = XCBuildConfiguration;
			buildSettings = {
				CLANG_CXX_LANGUAGE_STANDARD = "gnu++20";
				CODE_SIGN_STYLE = Automatic;
				CURRENT_PROJECT_VERSION = 1;
				DEVELOPMENT_TEAM = XJ2UXQ823J;
				GCC_C_LANGUAGE_STANDARD = gnu17;
				GENERATE_INFOPLIST_FILE = YES;
				LOCALIZATION_PREFERS_STRING_CATALOGS = YES;
				MACOSX_DEPLOYMENT_TARGET = 15.0;
				MARKETING_VERSION = 1.0;
				PRODUCT_BUNDLE_IDENTIFIER = com.learning.me.EssentialFeedAPIEndToEndTests;
				PRODUCT_NAME = "$(TARGET_NAME)";
				SUPPORTED_PLATFORMS = "macosx iphonesimulator iphoneos";
				SWIFT_ACTIVE_COMPILATION_CONDITIONS = "DEBUG $(inherited)";
				SWIFT_EMIT_LOC_STRINGS = NO;
				SWIFT_VERSION = 5.0;
			};
			name = Debug;
		};
		60D364CF2D06203D00D823BF /* Release */ = {
			isa = XCBuildConfiguration;
			buildSettings = {
				CLANG_CXX_LANGUAGE_STANDARD = "gnu++20";
				CODE_SIGN_STYLE = Automatic;
				CURRENT_PROJECT_VERSION = 1;
				DEVELOPMENT_TEAM = XJ2UXQ823J;
				GCC_C_LANGUAGE_STANDARD = gnu17;
				GENERATE_INFOPLIST_FILE = YES;
				LOCALIZATION_PREFERS_STRING_CATALOGS = YES;
				MACOSX_DEPLOYMENT_TARGET = 15.0;
				MARKETING_VERSION = 1.0;
				PRODUCT_BUNDLE_IDENTIFIER = com.learning.me.EssentialFeedAPIEndToEndTests;
				PRODUCT_NAME = "$(TARGET_NAME)";
				SUPPORTED_PLATFORMS = "macosx iphonesimulator iphoneos";
				SWIFT_EMIT_LOC_STRINGS = NO;
				SWIFT_VERSION = 5.0;
			};
			name = Release;
		};
		60FB1B8A2D0F4CED00277A50 /* Debug */ = {
			isa = XCBuildConfiguration;
			buildSettings = {
				CLANG_CXX_LANGUAGE_STANDARD = "gnu++20";
				CODE_SIGN_STYLE = Automatic;
				CURRENT_PROJECT_VERSION = 1;
				DEVELOPMENT_TEAM = XJ2UXQ823J;
				GCC_C_LANGUAGE_STANDARD = gnu17;
				GENERATE_INFOPLIST_FILE = YES;
				LOCALIZATION_PREFERS_STRING_CATALOGS = YES;
				MACOSX_DEPLOYMENT_TARGET = 15.0;
				MARKETING_VERSION = 1.0;
				PRODUCT_BUNDLE_IDENTIFIER = com.learning.me.EssentialFeedCacheIntegrationTests.EssentialFeedCacheIntegrationTests;
				PRODUCT_NAME = "$(TARGET_NAME)";
				SUPPORTED_PLATFORMS = "macosx iphonesimulator iphoneos";
				SWIFT_ACTIVE_COMPILATION_CONDITIONS = "DEBUG $(inherited)";
				SWIFT_EMIT_LOC_STRINGS = NO;
				SWIFT_VERSION = 5.0;
			};
			name = Debug;
		};
		60FB1B8B2D0F4CED00277A50 /* Release */ = {
			isa = XCBuildConfiguration;
			buildSettings = {
				CLANG_CXX_LANGUAGE_STANDARD = "gnu++20";
				CODE_SIGN_STYLE = Automatic;
				CURRENT_PROJECT_VERSION = 1;
				DEVELOPMENT_TEAM = XJ2UXQ823J;
				GCC_C_LANGUAGE_STANDARD = gnu17;
				GENERATE_INFOPLIST_FILE = YES;
				LOCALIZATION_PREFERS_STRING_CATALOGS = YES;
				MACOSX_DEPLOYMENT_TARGET = 15.0;
				MARKETING_VERSION = 1.0;
				PRODUCT_BUNDLE_IDENTIFIER = com.learning.me.EssentialFeedCacheIntegrationTests.EssentialFeedCacheIntegrationTests;
				PRODUCT_NAME = "$(TARGET_NAME)";
				SUPPORTED_PLATFORMS = "macosx iphonesimulator iphoneos";
				SWIFT_EMIT_LOC_STRINGS = NO;
				SWIFT_VERSION = 5.0;
			};
			name = Release;
		};
/* End XCBuildConfiguration section */

/* Begin XCConfigurationList section */
		080EDEEB21B6DA7E00813479 /* Build configuration list for PBXProject "EssentialFeed" */ = {
			isa = XCConfigurationList;
			buildConfigurations = (
				080EDF0321B6DA7E00813479 /* Debug */,
				080EDF0421B6DA7E00813479 /* Release */,
			);
			defaultConfigurationIsVisible = 0;
			defaultConfigurationName = Release;
		};
		080EDF0521B6DA7E00813479 /* Build configuration list for PBXNativeTarget "EssentialFeed" */ = {
			isa = XCConfigurationList;
			buildConfigurations = (
				080EDF0621B6DA7E00813479 /* Debug */,
				080EDF0721B6DA7E00813479 /* Release */,
			);
			defaultConfigurationIsVisible = 0;
			defaultConfigurationName = Release;
		};
		080EDF0821B6DA7E00813479 /* Build configuration list for PBXNativeTarget "EssentialFeedTests" */ = {
			isa = XCConfigurationList;
			buildConfigurations = (
				080EDF0921B6DA7E00813479 /* Debug */,
				080EDF0A21B6DA7E00813479 /* Release */,
			);
			defaultConfigurationIsVisible = 0;
			defaultConfigurationName = Release;
		};
		60202ED92D12D28C003F0306 /* Build configuration list for PBXNativeTarget "EssentialFeediOS" */ = {
			isa = XCConfigurationList;
			buildConfigurations = (
				60202ED42D12D28C003F0306 /* Debug */,
				60202ED52D12D28C003F0306 /* Release */,
			);
			defaultConfigurationIsVisible = 0;
			defaultConfigurationName = Release;
		};
		60202EDA2D12D28C003F0306 /* Build configuration list for PBXNativeTarget "EssentialFeediOSTests" */ = {
			isa = XCConfigurationList;
			buildConfigurations = (
				60202ED62D12D28C003F0306 /* Debug */,
				60202ED72D12D28C003F0306 /* Release */,
			);
			defaultConfigurationIsVisible = 0;
			defaultConfigurationName = Release;
		};
		60D364CD2D06203D00D823BF /* Build configuration list for PBXNativeTarget "EssentialFeedAPIEndToEndTests" */ = {
			isa = XCConfigurationList;
			buildConfigurations = (
				60D364CE2D06203D00D823BF /* Debug */,
				60D364CF2D06203D00D823BF /* Release */,
			);
			defaultConfigurationIsVisible = 0;
			defaultConfigurationName = Release;
		};
		60FB1B892D0F4CED00277A50 /* Build configuration list for PBXNativeTarget "EssentialFeedCacheIntegrationTests" */ = {
			isa = XCConfigurationList;
			buildConfigurations = (
				60FB1B8A2D0F4CED00277A50 /* Debug */,
				60FB1B8B2D0F4CED00277A50 /* Release */,
			);
			defaultConfigurationIsVisible = 0;
			defaultConfigurationName = Release;
		};
/* End XCConfigurationList section */

/* Begin XCVersionGroup section */
		60FB1B732D0DF80700277A50 /* FeedStore.xcdatamodeld */ = {
			isa = XCVersionGroup;
			children = (
				60FB1B742D0DF80700277A50 /* FeedStore.xcdatamodel */,
			);
			currentVersion = 60FB1B742D0DF80700277A50 /* FeedStore.xcdatamodel */;
			path = FeedStore.xcdatamodeld;
			sourceTree = "<group>";
			versionGroupType = wrapper.xcdatamodel;
		};
/* End XCVersionGroup section */
	};
	rootObject = 080EDEE821B6DA7E00813479 /* Project object */;
}
